
Microsoft Visual Studio Solution File, Format Version 12.00
# Visual Studio Version 17
VisualStudioVersion = 17.3.32825.248
MinimumVisualStudioVersion = 10.0.40219.1
Project("{FAE04EC0-301F-11D3-BF4B-00C04F79EFBC}") = "Expense Tracker", "Expense Tracker.csproj", "{91D32B81-BF82-479F-8362-47CF903316C2}"
EndProject
Project("{2150E333-8FDC-42A3-9474-1A3956D46DE8}") = "Solution Items", "Solution Items", "{8D3D5E5F-1FCD-47D4-A35D-CAB596D3B073}"
	ProjectSection(SolutionItems) = preProject
		.editorconfig = .editorconfig
	EndProjectSection
EndProject
Global
	GlobalSection(SolutionConfigurationPlatforms) = preSolution
		Debug|Any CPU = Debug|Any CPU
		Release|Any CPU = Release|Any CPU
	EndGlobalSection
	GlobalSection(ProjectConfigurationPlatforms) = postSolution
		{91D32B81-BF82-479F-8362-47CF903316C2}.Debug|Any CPU.ActiveCfg = Debug|Any CPU
		{91D32B81-BF82-479F-8362-47CF903316C2}.Debug|Any CPU.Build.0 = Debug|Any CPU
		{91D32B81-BF82-479F-8362-47CF903316C2}.Release|Any CPU.ActiveCfg = Release|Any CPU
		{91D32B81-BF82-479F-8362-47CF903316C2}.Release|Any CPU.Build.0 = Release|Any CPU
	EndGlobalSection
	GlobalSection(SolutionProperties) = preSolution
		HideSolutionNode = FALSE
	EndGlobalSection
	GlobalSection(ExtensibilityGlobals) = postSolution
		SolutionGuid = {F61576CA-9644-4747-A50D-0412049E05F1}
	EndGlobalSection
EndGlobal
